Microsoft Visual Studio Solution File, Format Version 11.00
# Visual Studio 2010
Project("{FAE04EC0-301F-11D3-BF4B-00C04F79EFBC}") = "GetTextMethods", "GetTextMethods\GetTextMethods.csproj", "{5CCC0631-17C4-4835-8477-7F744CE46BB3}"
EndProject
Project("{FAE04EC0-301F-11D3-BF4B-00C04F79EFBC}") = "GetTextMethods.Web", "GetTextMethods.Web\GetTextMethods.Web.csproj", "{43477377-F9A0-4DD0-BF1C-6C94BF36F554}"
EndProject
Global
	GlobalSection(SolutionConfigurationPlatforms) = preSolution
		Debug|Any CPU = Debug|Any CPU
		Release|Any CPU = Release|Any CPU
	EndGlobalSection
	GlobalSection(ProjectConfigurationPlatforms) = postSolution
		{5CCC0631-17C4-4835-8477-7F744CE46BB3}.Debug|Any CPU.ActiveCfg = Debug|Any CPU
		{5CCC0631-17C4-4835-8477-7F744CE46BB3}.Debug|Any CPU.Build.0 = Debug|Any CPU
		{5CCC0631-17C4-4835-8477-7F744CE46BB3}.Release|Any CPU.ActiveCfg = Release|Any CPU
		{5CCC0631-17C4-4835-8477-7F744CE46BB3}.Release|Any CPU.Build.0 = Release|Any CPU
		{43477377-F9A0-4DD0-BF1C-6C94BF36F554}.Debug|Any CPU.ActiveCfg = Debug|Any CPU
		{43477377-F9A0-4DD0-BF1C-6C94BF36F554}.Debug|Any CPU.Build.0 = Debug|Any CPU
		{43477377-F9A0-4DD0-BF1C-6C94BF36F554}.Release|Any CPU.ActiveCfg = Release|Any CPU
		{43477377-F9A0-4DD0-BF1C-6C94BF36F554}.Release|Any CPU.Build.0 = Release|Any CPU
	EndGlobalSection
	GlobalSection(SolutionProperties) = preSolution
		HideSolutionNode = FALSE
	EndGlobalSection
EndGlobal
